// !$*UTF8*$!
{
	archiveVersion = 1;
	classes = {
	};
	objectVersion = 48;
	objects = {

/* Begin PBXBuildFile section */
		E56EDBEF1FB4B0690017546D /* Assets.xcassets in Resources */ = {isa = PBXBuildFile; fileRef = E56EDBEE1FB4B0690017546D /* Assets.xcassets */; };
		E56EDC201FB4B1430017546D /* audio.c in Sources */ = {isa = PBXBuildFile; fileRef = E56EDC1B1FB4B1430017546D /* audio.c */; };
		E56EDC211FB4B1430017546D /* invaders.c in Sources */ = {isa = PBXBuildFile; fileRef = E56EDC1D1FB4B1430017546D /* invaders.c */; };
		E56EDC221FB4B1430017546D /* main.c in Sources */ = {isa = PBXBuildFile; fileRef = E56EDC1F1FB4B1430017546D /* main.c */; };
		E56EDC2A1FB4B1960017546D /* i8080.c in Sources */ = {isa = PBXBuildFile; fileRef = E56EDC271FB4B1960017546D /* i8080.c */; };
		E56EDC2C1FB4B1AE0017546D /* SDL2.framework in Frameworks */ = {isa = PBXBuildFile; fileRef = E56EDC2B1FB4B1AE0017546D /* SDL2.framework */; };
		E56EDC2E1FB4B1BC0017546D /* OpenGL.framework in Frameworks */ = {isa = PBXBuildFile; fileRef = E56EDC2D1FB4B1BC0017546D /* OpenGL.framework */; };
		E56EDC301FB4B1CE0017546D /* SDL2.framework in CopyFiles */ = {isa = PBXBuildFile; fileRef = E56EDC2B1FB4B1AE0017546D /* SDL2.framework */; settings = {ATTRIBUTES = (CodeSignOnCopy, RemoveHeadersOnCopy, ); }; };
		E571B5641FB75F1300B51BAD /* SDL2_mixer.framework in Frameworks */ = {isa = PBXBuildFile; fileRef = E571B5631FB75F1300B51BAD /* SDL2_mixer.framework */; };
		E571B5651FB75F1D00B51BAD /* SDL2_mixer.framework in CopyFiles */ = {isa = PBXBuildFile; fileRef = E571B5631FB75F1300B51BAD /* SDL2_mixer.framework */; settings = {ATTRIBUTES = (CodeSignOnCopy, RemoveHeadersOnCopy, ); }; };
		E58A95CE2122E4F900E3C504 /* invaders.g in Resources */ = {isa = PBXBuildFile; fileRef = E58A954D2122E4F900E3C504 /* invaders.g */; };
		E58A95CF2122E4F900E3C504 /* invaders.f in Sources */ = {isa = PBXBuildFile; fileRef = E58A954F2122E4F900E3C504 /* invaders.f */; };
		E58A95D52122E4F900E3C504 /* invaders.e in Resources */ = {isa = PBXBuildFile; fileRef = E58A95572122E4F900E3C504 /* invaders.e */; };
		E58A962D2122E4F900E3C504 /* 16.wav in Resources */ = {isa = PBXBuildFile; fileRef = E58A95B62122E4F900E3C504 /* 16.wav */; };
		E58A962E2122E4F900E3C504 /* 17.wav in Resources */ = {isa = PBXBuildFile; fileRef = E58A95B72122E4F900E3C504 /* 17.wav */; };
		E58A962F2122E4F900E3C504 /* 15.wav in Resources */ = {isa = PBXBuildFile; fileRef = E58A95B82122E4F900E3C504 /* 15.wav */; };
		E58A96302122E4F900E3C504 /* 14.wav in Resources */ = {isa = PBXBuildFile; fileRef = E58A95B92122E4F900E3C504 /* 14.wav */; };
		E58A96312122E4F900E3C504 /* 10.wav in Resources */ = {isa = PBXBuildFile; fileRef = E58A95BA2122E4F900E3C504 /* 10.wav */; };
		E58A96322122E4F900E3C504 /* 11.wav in Resources */ = {isa = PBXBuildFile; fileRef = E58A95BB2122E4F900E3C504 /* 11.wav */; };
		E58A96332122E4F900E3C504 /* 13.wav in Resources */ = {isa = PBXBuildFile; fileRef = E58A95BC2122E4F900E3C504 /* 13.wav */; };
		E58A96342122E4F900E3C504 /* 12.wav in Resources */ = {isa = PBXBuildFile; fileRef = E58A95BD2122E4F900E3C504 /* 12.wav */; };
		E58A96352122E4F900E3C504 /* 9.wav in Resources */ = {isa = PBXBuildFile; fileRef = E58A95BE2122E4F900E3C504 /* 9.wav */; };
		E58A96362122E4F900E3C504 /* 8.wav in Resources */ = {isa = PBXBuildFile; fileRef = E58A95BF2122E4F900E3C504 /* 8.wav */; };
		E58A96372122E4F900E3C504 /* 6.wav in Resources */ = {isa = PBXBuildFile; fileRef = E58A95C02122E4F900E3C504 /* 6.wav */; };
		E58A96382122E4F900E3C504 /* 7.wav in Resources */ = {isa = PBXBuildFile; fileRef = E58A95C12122E4F900E3C504 /* 7.wav */; };
		E58A96392122E4F900E3C504 /* 5.wav in Resources */ = {isa = PBXBuildFile; fileRef = E58A95C22122E4F900E3C504 /* 5.wav */; };
		E58A963A2122E4F900E3C504 /* 4.wav in Resources */ = {isa = PBXBuildFile; fileRef = E58A95C32122E4F900E3C504 /* 4.wav */; };
		E58A963B2122E4F900E3C504 /* 0.wav in Resources */ = {isa = PBXBuildFile; fileRef = E58A95C42122E4F900E3C504 /* 0.wav */; };
		E58A963C2122E4F900E3C504 /* 1.wav in Resources */ = {isa = PBXBuildFile; fileRef = E58A95C52122E4F900E3C504 /* 1.wav */; };
		E58A963D2122E4F900E3C504 /* 3.wav in Resources */ = {isa = PBXBuildFile; fileRef = E58A95C62122E4F900E3C504 /* 3.wav */; };
		E58A963E2122E4F900E3C504 /* 2.wav in Resources */ = {isa = PBXBuildFile; fileRef = E58A95C72122E4F900E3C504 /* 2.wav */; };
		E58A963F2122E4F900E3C504 /* 18.wav in Resources */ = {isa = PBXBuildFile; fileRef = E58A95C82122E4F900E3C504 /* 18.wav */; };
		E58A96402122E52700E3C504 /* invaders.g in CopyFiles */ = {isa = PBXBuildFile; fileRef = E58A954D2122E4F900E3C504 /* invaders.g */; };
		E58A96412122E52700E3C504 /* invaders.h in CopyFiles */ = {isa = PBXBuildFile; fileRef = E58A954E2122E4F900E3C504 /* invaders.h */; };
		E58A96422122E52700E3C504 /* invaders.f in CopyFiles */ = {isa = PBXBuildFile; fileRef = E58A954F2122E4F900E3C504 /* invaders.f */; };
		E58A96432122E52700E3C504 /* invaders.e in CopyFiles */ = {isa = PBXBuildFile; fileRef = E58A95572122E4F900E3C504 /* invaders.e */; };
		E58A96442122E53100E3C504 /* 16.wav in CopyFiles */ = {isa = PBXBuildFile; fileRef = E58A95B62122E4F900E3C504 /* 16.wav */; };
		E58A96452122E53100E3C504 /* 17.wav in CopyFiles */ = {isa = PBXBuildFile; fileRef = E58A95B72122E4F900E3C504 /* 17.wav */; };
		E58A96462122E53100E3C504 /* 15.wav in CopyFiles */ = {isa = PBXBuildFile; fileRef = E58A95B82122E4F900E3C504 /* 15.wav */; };
		E58A96472122E53100E3C504 /* 14.wav in CopyFiles */ = {isa = PBXBuildFile; fileRef = E58A95B92122E4F900E3C504 /* 14.wav */; };
		E58A96482122E53100E3C504 /* 10.wav in CopyFiles */ = {isa = PBXBuildFile; fileRef = E58A95BA2122E4F900E3C504 /* 10.wav */; };
		E58A96492122E53100E3C504 /* 11.wav in CopyFiles */ = {isa = PBXBuildFile; fileRef = E58A95BB2122E4F900E3C504 /* 11.wav */; };
		E58A964A2122E53100E3C504 /* 13.wav in CopyFiles */ = {isa = PBXBuildFile; fileRef = E58A95BC2122E4F900E3C504 /* 13.wav */; };
		E58A964B2122E53100E3C504 /* 12.wav in CopyFiles */ = {isa = PBXBuildFile; fileRef = E58A95BD2122E4F900E3C504 /* 12.wav */; };
		E58A964C2122E53100E3C504 /* 9.wav in CopyFiles */ = {isa = PBXBuildFile; fileRef = E58A95BE2122E4F900E3C504 /* 9.wav */; };
		E58A964D2122E53100E3C504 /* 8.wav in CopyFiles */ = {isa = PBXBuildFile; fileRef = E58A95BF2122E4F900E3C504 /* 8.wav */; };
		E58A964E2122E53100E3C504 /* 6.wav in CopyFiles */ = {isa = PBXBuildFile; fileRef = E58A95C02122E4F900E3C504 /* 6.wav */; };
		E58A964F2122E53100E3C504 /* 7.wav in CopyFiles */ = {isa = PBXBuildFile; fileRef = E58A95C12122E4F900E3C504 /* 7.wav */; };
		E58A96502122E53100E3C504 /* 5.wav in CopyFiles */ = {isa = PBXBuildFile; fileRef = E58A95C22122E4F900E3C504 /* 5.wav */; };
		E58A96512122E53100E3C504 /* 4.wav in CopyFiles */ = {isa = PBXBuildFile; fileRef = E58A95C32122E4F900E3C504 /* 4.wav */; };
		E58A96522122E53100E3C504 /* 0.wav in CopyFiles */ = {isa = PBXBuildFile; fileRef = E58A95C42122E4F900E3C504 /* 0.wav */; };
		E58A96532122E53100E3C504 /* 1.wav in CopyFiles */ = {isa = PBXBuildFile; fileRef = E58A95C52122E4F900E3C504 /* 1.wav */; };
		E58A96542122E53100E3C504 /* 3.wav in CopyFiles */ = {isa = PBXBuildFile; fileRef = E58A95C62122E4F900E3C504 /* 3.wav */; };
		E58A96552122E53100E3C504 /* 2.wav in CopyFiles */ = {isa = PBXBuildFile; fileRef = E58A95C72122E4F900E3C504 /* 2.wav */; };
		E58A96562122E53100E3C504 /* 18.wav in CopyFiles */ = {isa = PBXBuildFile; fileRef = E58A95C82122E4F900E3C504 /* 18.wav */; };
/* End PBXBuildFile section */

/* Begin PBXCopyFilesBuildPhase section */
		E568A2E0209B7CC30024DF1D /* CopyFiles */ = {
			isa = PBXCopyFilesBuildPhase;
			buildActionMask = 2147483647;
			dstPath = res/roms;
			dstSubfolderSpec = 7;
			files = (
				E58A96402122E52700E3C504 /* invaders.g in CopyFiles */,
				E58A96412122E52700E3C504 /* invaders.h in CopyFiles */,
				E58A96422122E52700E3C504 /* invaders.f in CopyFiles */,
				E58A96432122E52700E3C504 /* invaders.e in CopyFiles */,
			);
			runOnlyForDeploymentPostprocessing = 0;
		};
		E568A2E5209B7CD40024DF1D /* CopyFiles */ = {
			isa = PBXCopyFilesBuildPhase;
			buildActionMask = 2147483647;
			dstPath = res/snd;
			dstSubfolderSpec = 7;
			files = (
				E58A96442122E53100E3C504 /* 16.wav in CopyFiles */,
				E58A96452122E53100E3C504 /* 17.wav in CopyFiles */,
				E58A96462122E53100E3C504 /* 15.wav in CopyFiles */,
				E58A96472122E53100E3C504 /* 14.wav in CopyFiles */,
				E58A96482122E53100E3C504 /* 10.wav in CopyFiles */,
				E58A96492122E53100E3C504 /* 11.wav in CopyFiles */,
				E58A964A2122E53100E3C504 /* 13.wav in CopyFiles */,
				E58A964B2122E53100E3C504 /* 12.wav in CopyFiles */,
				E58A964C2122E53100E3C504 /* 9.wav in CopyFiles */,
				E58A964D2122E53100E3C504 /* 8.wav in CopyFiles */,
				E58A964E2122E53100E3C504 /* 6.wav in CopyFiles */,
				E58A964F2122E53100E3C504 /* 7.wav in CopyFiles */,
				E58A96502122E53100E3C504 /* 5.wav in CopyFiles */,
				E58A96512122E53100E3C504 /* 4.wav in CopyFiles */,
				E58A96522122E53100E3C504 /* 0.wav in CopyFiles */,
				E58A96532122E53100E3C504 /* 1.wav in CopyFiles */,
				E58A96542122E53100E3C504 /* 3.wav in CopyFiles */,
				E58A96552122E53100E3C504 /* 2.wav in CopyFiles */,
				E58A96562122E53100E3C504 /* 18.wav in CopyFiles */,
			);
			runOnlyForDeploymentPostprocessing = 0;
		};
		E56EDC2F1FB4B1C80017546D /* CopyFiles */ = {
			isa = PBXCopyFilesBuildPhase;
			buildActionMask = 2147483647;
			dstPath = "";
			dstSubfolderSpec = 10;
			files = (
				E571B5651FB75F1D00B51BAD /* SDL2_mixer.framework in CopyFiles */,
				E56EDC301FB4B1CE0017546D /* SDL2.framework in CopyFiles */,
			);
			runOnlyForDeploymentPostprocessing = 0;
		};
/* End PBXCopyFilesBuildPhase section */

/* Begin PBXFileReference section */
		E56EDBE91FB4B0690017546D /* Space Invaders.app */ = {isa = PBXFileReference; explicitFileType = wrapper.application; includeInIndex = 0; path = "Space Invaders.app"; sourceTree = BUILT_PRODUCTS_DIR; };
		E56EDBEE1FB4B0690017546D /* Assets.xcassets */ = {isa = PBXFileReference; lastKnownFileType = folder.assetcatalog; path = Assets.xcassets; sourceTree = "<group>"; };
		E56EDBF31FB4B0690017546D /* Info.plist */ = {isa = PBXFileReference; lastKnownFileType = text.plist.xml; path = Info.plist; sourceTree = "<group>"; };
		E56EDC1B1FB4B1430017546D /* audio.c */ = {isa = PBXFileReference; fileEncoding = 4; lastKnownFileType = sourcecode.c.c; name = audio.c; path = ../../../audio.c; sourceTree = "<group>"; };
		E56EDC1C1FB4B1430017546D /* invaders.h */ = {isa = PBXFileReference; fileEncoding = 4; lastKnownFileType = sourcecode.c.h; name = invaders.h; path = ../../../invaders.h; sourceTree = "<group>"; };
		E56EDC1D1FB4B1430017546D /* invaders.c */ = {isa = PBXFileReference; fileEncoding = 4; lastKnownFileType = sourcecode.c.c; name = invaders.c; path = ../../../invaders.c; sourceTree = "<group>"; };
		E56EDC1E1FB4B1430017546D /* audio.h */ = {isa = PBXFileReference; fileEncoding = 4; lastKnownFileType = sourcecode.c.h; name = audio.h; path = ../../../audio.h; sourceTree = "<group>"; };
		E56EDC1F1FB4B1430017546D /* main.c */ = {isa = PBXFileReference; fileEncoding = 4; lastKnownFileType = sourcecode.c.c; name = main.c; path = ../../../main.c; sourceTree = "<group>"; };
		E56EDC271FB4B1960017546D /* i8080.c */ = {isa = PBXFileReference; fileEncoding = 4; lastKnownFileType = sourcecode.c.c; name = i8080.c; path = ../../../8080/i8080.c; sourceTree = "<group>"; };
		E56EDC281FB4B1960017546D /* i8080.h */ = {isa = PBXFileReference; fileEncoding = 4; lastKnownFileType = sourcecode.c.h; name = i8080.h; path = ../../../8080/i8080.h; sourceTree = "<group>"; };
		E56EDC2B1FB4B1AE0017546D /* SDL2.framework */ = {isa = PBXFileReference; lastKnownFileType = wrapper.framework; name = SDL2.framework; path = ../../../../../../../../../Library/Frameworks/SDL2.framework; sourceTree = "<group>"; };
		E56EDC2D1FB4B1BC0017546D /* OpenGL.framework */ = {isa = PBXFileReference; lastKnownFileType = wrapper.framework; name = OpenGL.framework; path = ../../../../../../../../../System/Library/Frameworks/OpenGL.framework; sourceTree = "<group>"; };
		E571B5631FB75F1300B51BAD /* SDL2_mixer.framework */ = {isa = PBXFileReference; lastKnownFileType = wrapper.framework; name = SDL2_mixer.framework; path = ../../../../../../../../../Library/Frameworks/SDL2_mixer.framework; sourceTree = "<group>"; };
		E58A954D2122E4F900E3C504 /* invaders.g */ = {isa = PBXFileReference; explicitFileType = compiled; path = invaders.g; sourceTree = "<group>"; };
		E58A954E2122E4F900E3C504 /* invaders.h */ = {isa = PBXFileReference; explicitFileType = compiled; fileEncoding = 4; path = invaders.h; sourceTree = "<group>"; };
		E58A954F2122E4F900E3C504 /* invaders.f */ = {isa = PBXFileReference; explicitFileType = compiled; fileEncoding = 4; path = invaders.f; sourceTree = "<group>"; };
		E58A95572122E4F900E3C504 /* invaders.e */ = {isa = PBXFileReference; explicitFileType = compiled; path = invaders.e; sourceTree = "<group>"; };
		E58A95B62122E4F900E3C504 /* 16.wav */ = {isa = PBXFileReference; lastKnownFileType = audio.wav; path = 16.wav; sourceTree = "<group>"; };
		E58A95B72122E4F900E3C504 /* 17.wav */ = {isa = PBXFileReference; lastKnownFileType = audio.wav; path = 17.wav; sourceTree = "<group>"; };
		E58A95B82122E4F900E3C504 /* 15.wav */ = {isa = PBXFileReference; lastKnownFileType = audio.wav; path = 15.wav; sourceTree = "<group>"; };
		E58A95B92122E4F900E3C504 /* 14.wav */ = {isa = PBXFileReference; lastKnownFileType = audio.wav; path = 14.wav; sourceTree = "<group>"; };
		E58A95BA2122E4F900E3C504 /* 10.wav */ = {isa = PBXFileReference; lastKnownFileType = audio.wav; path = 10.wav; sourceTree = "<group>"; };
		E58A95BB2122E4F900E3C504 /* 11.wav */ = {isa = PBXFileReference; lastKnownFileType = audio.wav; path = 11.wav; sourceTree = "<group>"; };
		E58A95BC2122E4F900E3C504 /* 13.wav */ = {isa = PBXFileReference; lastKnownFileType = audio.wav; path = 13.wav; sourceTree = "<group>"; };
		E58A95BD2122E4F900E3C504 /* 12.wav */ = {isa = PBXFileReference; lastKnownFileType = audio.wav; path = 12.wav; sourceTree = "<group>"; };
		E58A95BE2122E4F900E3C504 /* 9.wav */ = {isa = PBXFileReference; lastKnownFileType = audio.wav; path = 9.wav; sourceTree = "<group>"; };
		E58A95BF2122E4F900E3C504 /* 8.wav */ = {isa = PBXFileReference; lastKnownFileType = audio.wav; path = 8.wav; sourceTree = "<group>"; };
		E58A95C02122E4F900E3C504 /* 6.wav */ = {isa = PBXFileReference; lastKnownFileType = audio.wav; path = 6.wav; sourceTree = "<group>"; };
		E58A95C12122E4F900E3C504 /* 7.wav */ = {isa = PBXFileReference; lastKnownFileType = audio.wav; path = 7.wav; sourceTree = "<group>"; };
		E58A95C22122E4F900E3C504 /* 5.wav */ = {isa = PBXFileReference; lastKnownFileType = audio.wav; path = 5.wav; sourceTree = "<group>"; };
		E58A95C32122E4F900E3C504 /* 4.wav */ = {isa = PBXFileReference; lastKnownFileType = audio.wav; path = 4.wav; sourceTree = "<group>"; };
		E58A95C42122E4F900E3C504 /* 0.wav */ = {isa = PBXFileReference; lastKnownFileType = audio.wav; path = 0.wav; sourceTree = "<group>"; };
		E58A95C52122E4F900E3C504 /* 1.wav */ = {isa = PBXFileReference; lastKnownFileType = audio.wav; path = 1.wav; sourceTree = "<group>"; };
		E58A95C62122E4F900E3C504 /* 3.wav */ = {isa = PBXFileReference; lastKnownFileType = audio.wav; path = 3.wav; sourceTree = "<group>"; };
		E58A95C72122E4F900E3C504 /* 2.wav */ = {isa = PBXFileReference; lastKnownFileType = audio.wav; path = 2.wav; sourceTree = "<group>"; };
		E58A95C82122E4F900E3C504 /* 18.wav */ = {isa = PBXFileReference; lastKnownFileType = audio.wav; path = 18.wav; sourceTree = "<group>"; };
/* End PBXFileReference section */

/* Begin PBXFrameworksBuildPhase section */
		E56EDBE61FB4B0690017546D /* Frameworks */ = {
			isa = PBXFrameworksBuildPhase;
			buildActionMask = 2147483647;
			files = (
				E571B5641FB75F1300B51BAD /* SDL2_mixer.framework in Frameworks */,
				E56EDC2C1FB4B1AE0017546D /* SDL2.framework in Frameworks */,
				E56EDC2E1FB4B1BC0017546D /* OpenGL.framework in Frameworks */,
			);
			runOnlyForDeploymentPostprocessing = 0;
		};
/* End PBXFrameworksBuildPhase section */

/* Begin PBXGroup section */
		E56EDBE01FB4B0690017546D = {
			isa = PBXGroup;
			children = (
				E56EDBEB1FB4B0690017546D /* Space Invaders */,
				E56EDBEA1FB4B0690017546D /* Products */,
			);
			sourceTree = "<group>";
		};
		E56EDBEA1FB4B0690017546D /* Products */ = {
			isa = PBXGroup;
			children = (
				E56EDBE91FB4B0690017546D /* Space Invaders.app */,
			);
			name = Products;
			sourceTree = "<group>";
		};
		E56EDBEB1FB4B0690017546D /* Space Invaders */ = {
			isa = PBXGroup;
			children = (
				E58A95442122E4F900E3C504 /* res */,
				E571B5631FB75F1300B51BAD /* SDL2_mixer.framework */,
				E56EDC2D1FB4B1BC0017546D /* OpenGL.framework */,
				E56EDC2B1FB4B1AE0017546D /* SDL2.framework */,
				E56EDC071FB4B09B0017546D /* src */,
				E56EDBEE1FB4B0690017546D /* Assets.xcassets */,
				E56EDBF31FB4B0690017546D /* Info.plist */,
			);
			path = "Space Invaders";
			sourceTree = "<group>";
		};
		E56EDC071FB4B09B0017546D /* src */ = {
			isa = PBXGroup;
			children = (
				E56EDC271FB4B1960017546D /* i8080.c */,
				E56EDC281FB4B1960017546D /* i8080.h */,
				E56EDC1B1FB4B1430017546D /* audio.c */,
				E56EDC1E1FB4B1430017546D /* audio.h */,
				E56EDC1D1FB4B1430017546D /* invaders.c */,
				E56EDC1C1FB4B1430017546D /* invaders.h */,
				E56EDC1F1FB4B1430017546D /* main.c */,
			);
			name = src;
			sourceTree = "<group>";
		};
		E58A95442122E4F900E3C504 /* res */ = {
			isa = PBXGroup;
			children = (
				E58A95452122E4F900E3C504 /* roms */,
				E58A95B52122E4F900E3C504 /* snd */,
			);
			name = res;
			path = ../../../res;
			sourceTree = "<group>";
		};
		E58A95452122E4F900E3C504 /* roms */ = {
			isa = PBXGroup;
			children = (
				E58A954D2122E4F900E3C504 /* invaders.g */,
				E58A954E2122E4F900E3C504 /* invaders.h */,
				E58A954F2122E4F900E3C504 /* invaders.f */,
				E58A95572122E4F900E3C504 /* invaders.e */,
			);
			path = roms;
			sourceTree = "<group>";
		};
		E58A95B52122E4F900E3C504 /* snd */ = {
			isa = PBXGroup;
			children = (
				E58A95B62122E4F900E3C504 /* 16.wav */,
				E58A95B72122E4F900E3C504 /* 17.wav */,
				E58A95B82122E4F900E3C504 /* 15.wav */,
				E58A95B92122E4F900E3C504 /* 14.wav */,
				E58A95BA2122E4F900E3C504 /* 10.wav */,
				E58A95BB2122E4F900E3C504 /* 11.wav */,
				E58A95BC2122E4F900E3C504 /* 13.wav */,
				E58A95BD2122E4F900E3C504 /* 12.wav */,
				E58A95BE2122E4F900E3C504 /* 9.wav */,
				E58A95BF2122E4F900E3C504 /* 8.wav */,
				E58A95C02122E4F900E3C504 /* 6.wav */,
				E58A95C12122E4F900E3C504 /* 7.wav */,
				E58A95C22122E4F900E3C504 /* 5.wav */,
				E58A95C32122E4F900E3C504 /* 4.wav */,
				E58A95C42122E4F900E3C504 /* 0.wav */,
				E58A95C52122E4F900E3C504 /* 1.wav */,
				E58A95C62122E4F900E3C504 /* 3.wav */,
				E58A95C72122E4F900E3C504 /* 2.wav */,
				E58A95C82122E4F900E3C504 /* 18.wav */,
			);
			path = snd;
			sourceTree = "<group>";
		};
/* End PBXGroup section */

/* Begin PBXNativeTarget section */
		E56EDBE81FB4B0690017546D /* Space Invaders */ = {
			isa = PBXNativeTarget;
			buildConfigurationList = E56EDBF71FB4B0690017546D /* Build configuration list for PBXNativeTarget "Space Invaders" */;
			buildPhases = (
				E56EDBE51FB4B0690017546D /* Sources */,
				E56EDBE61FB4B0690017546D /* Frameworks */,
				E56EDBE71FB4B0690017546D /* Resources */,
				E56EDC2F1FB4B1C80017546D /* CopyFiles */,
				E568A2E0209B7CC30024DF1D /* CopyFiles */,
				E568A2E5209B7CD40024DF1D /* CopyFiles */,
			);
			buildRules = (
			);
			dependencies = (
			);
			name = "Space Invaders";
			productName = "Space Invaders";
			productReference = E56EDBE91FB4B0690017546D /* Space Invaders.app */;
			productType = "com.apple.product-type.application";
		};
/* End PBXNativeTarget section */

/* Begin PBXProject section */
		E56EDBE11FB4B0690017546D /* Project object */ = {
			isa = PBXProject;
			attributes = {
				LastSwiftUpdateCheck = 0910;
				LastUpgradeCheck = 0940;
				ORGANIZATIONNAME = "Nicolas Allemand";
				TargetAttributes = {
					E56EDBE81FB4B0690017546D = {
						CreatedOnToolsVersion = 9.1;
						ProvisioningStyle = Automatic;
					};
				};
			};
			buildConfigurationList = E56EDBE41FB4B0690017546D /* Build configuration list for PBXProject "Space Invaders" */;
			compatibilityVersion = "Xcode 8.0";
			developmentRegion = en;
			hasScannedForEncodings = 0;
			knownRegions = (
				en,
				Base,
			);
			mainGroup = E56EDBE01FB4B0690017546D;
			productRefGroup = E56EDBEA1FB4B0690017546D /* Products */;
			projectDirPath = "";
			projectRoot = "";
			targets = (
				E56EDBE81FB4B0690017546D /* Space Invaders */,
			);
		};
/* End PBXProject section */

/* Begin PBXResourcesBuildPhase section */
		E56EDBE71FB4B0690017546D /* Resources */ = {
			isa = PBXResourcesBuildPhase;
			buildActionMask = 2147483647;
			files = (
				E58A963D2122E4F900E3C504 /* 3.wav in Resources */,
				E58A963B2122E4F900E3C504 /* 0.wav in Resources */,
				E58A963F2122E4F900E3C504 /* 18.wav in Resources */,
				E58A96342122E4F900E3C504 /* 12.wav in Resources */,
				E58A96302122E4F900E3C504 /* 14.wav in Resources */,
				E58A96362122E4F900E3C504 /* 8.wav in Resources */,
				E56EDBEF1FB4B0690017546D /* Assets.xcassets in Resources */,
				E58A96332122E4F900E3C504 /* 13.wav in Resources */,
				E58A96372122E4F900E3C504 /* 6.wav in Resources */,
				E58A962F2122E4F900E3C504 /* 15.wav in Resources */,
				E58A96352122E4F900E3C504 /* 9.wav in Resources */,
				E58A96382122E4F900E3C504 /* 7.wav in Resources */,
				E58A963C2122E4F900E3C504 /* 1.wav in Resources */,
				E58A962D2122E4F900E3C504 /* 16.wav in Resources */,
				E58A96392122E4F900E3C504 /* 5.wav in Resources */,
				E58A962E2122E4F900E3C504 /* 17.wav in Resources */,
				E58A95D52122E4F900E3C504 /* invaders.e in Resources */,
				E58A963E2122E4F900E3C504 /* 2.wav in Resources */,
				E58A95CE2122E4F900E3C504 /* invaders.g in Resources */,
				E58A963A2122E4F900E3C504 /* 4.wav in Resources */,
				E58A96322122E4F900E3C504 /* 11.wav in Resources */,
				E58A96312122E4F900E3C504 /* 10.wav in Resources */,
			);
			runOnlyForDeploymentPostprocessing = 0;
		};
/* End PBXResourcesBuildPhase section */

/* Begin PBXSourcesBuildPhase section */
		E56EDBE51FB4B0690017546D /* Sources */ = {
			isa = PBXSourcesBuildPhase;
			buildActionMask = 2147483647;
			files = (
				E56EDC201FB4B1430017546D /* audio.c in Sources */,
				E56EDC2A1FB4B1960017546D /* i8080.c in Sources */,
				E56EDC211FB4B1430017546D /* invaders.c in Sources */,
				E56EDC221FB4B1430017546D /* main.c in Sources */,
				E58A95CF2122E4F900E3C504 /* invaders.f in Sources */,
			);
			runOnlyForDeploymentPostprocessing = 0;
		};
/* End PBXSourcesBuildPhase section */

/* Begin XCBuildConfiguration section */
		E56EDBF51FB4B0690017546D /* Debug */ = {
			isa = XCBuildConfiguration;
			buildSettings = {
				ALWAYS_SEARCH_USER_PATHS = NO;
				CLANG_ANALYZER_NONNULL = YES;
				CLANG_ANALYZER_NUMBER_OBJECT_CONVERSION = YES_AGGRESSIVE;
				CLANG_CXX_LANGUAGE_STANDARD = "gnu++14";
				CLANG_CXX_LIBRARY = "libc++";
				CLANG_ENABLE_MODULES = YES;
				CLANG_ENABLE_OBJC_ARC = YES;
				CLANG_WARN_BLOCK_CAPTURE_AUTORELEASING = YES;
				CLANG_WARN_BOOL_CONVERSION = YES;
				CLANG_WARN_COMMA = YES;
				CLANG_WARN_CONSTANT_CONVERSION = YES;
				CLANG_WARN_DEPRECATED_OBJC_IMPLEMENTATIONS = YES;
				CLANG_WARN_DIRECT_OBJC_ISA_USAGE = YES_ERROR;
				CLANG_WARN_DOCUMENTATION_COMMENTS = YES;
				CLANG_WARN_EMPTY_BODY = YES;
				CLANG_WARN_ENUM_CONVERSION = YES;
				CLANG_WARN_INFINITE_RECURSION = YES;
				CLANG_WARN_INT_CONVERSION = YES;
				CLANG_WARN_NON_LITERAL_NULL_CONVERSION = YES;
				CLANG_WARN_OBJC_IMPLICIT_RETAIN_SELF = YES;
				CLANG_WARN_OBJC_LITERAL_CONVERSION = YES;
				CLANG_WARN_OBJC_ROOT_CLASS = YES_ERROR;
				CLANG_WARN_RANGE_LOOP_ANALYSIS = YES;
				CLANG_WARN_STRICT_PROTOTYPES = YES;
				CLANG_WARN_SUSPICIOUS_MOVE = YES;
				CLANG_WARN_UNGUARDED_AVAILABILITY = YES_AGGRESSIVE;
				CLANG_WARN_UNREACHABLE_CODE = YES;
				CLANG_WARN__DUPLICATE_METHOD_MATCH = YES;
				CODE_SIGN_IDENTITY = "Mac Developer";
				COPY_PHASE_STRIP = NO;
				DEBUG_INFORMATION_FORMAT = dwarf;
				ENABLE_STRICT_OBJC_MSGSEND = YES;
				ENABLE_TESTABILITY = YES;
				GCC_C_LANGUAGE_STANDARD = gnu11;
				GCC_DYNAMIC_NO_PIC = NO;
				GCC_NO_COMMON_BLOCKS = YES;
				GCC_OPTIMIZATION_LEVEL = 0;
				GCC_PREPROCESSOR_DEFINITIONS = (
					"DEBUG=1",
					"$(inherited)",
				);
				GCC_WARN_64_TO_32_BIT_CONVERSION = YES;
				GCC_WARN_ABOUT_RETURN_TYPE = YES_ERROR;
				GCC_WARN_UNDECLARED_SELECTOR = YES;
				GCC_WARN_UNINITIALIZED_AUTOS = YES_AGGRESSIVE;
				GCC_WARN_UNUSED_FUNCTION = YES;
				GCC_WARN_UNUSED_VARIABLE = YES;
				MACOSX_DEPLOYMENT_TARGET = 10.12;
				MTL_ENABLE_DEBUG_INFO = YES;
				ONLY_ACTIVE_ARCH = YES;
				SDKROOT = macosx;
				SWIFT_ACTIVE_COMPILATION_CONDITIONS = DEBUG;
				SWIFT_OPTIMIZATION_LEVEL = "-Onone";
			};
			name = Debug;
		};
		E56EDBF61FB4B0690017546D /* Release */ = {
			isa = XCBuildConfiguration;
			buildSettings = {
				ALWAYS_SEARCH_USER_PATHS = NO;
				CLANG_ANALYZER_NONNULL = YES;
				CLANG_ANALYZER_NUMBER_OBJECT_CONVERSION = YES_AGGRESSIVE;
				CLANG_CXX_LANGUAGE_STANDARD = "gnu++14";
				CLANG_CXX_LIBRARY = "libc++";
				CLANG_ENABLE_MODULES = YES;
				CLANG_ENABLE_OBJC_ARC = YES;
				CLANG_WARN_BLOCK_CAPTURE_AUTORELEASING = YES;
				CLANG_WARN_BOOL_CONVERSION = YES;
				CLANG_WARN_COMMA = YES;
				CLANG_WARN_CONSTANT_CONVERSION = YES;
				CLANG_WARN_DEPRECATED_OBJC_IMPLEMENTATIONS = YES;
				CLANG_WARN_DIRECT_OBJC_ISA_USAGE = YES_ERROR;
				CLANG_WARN_DOCUMENTATION_COMMENTS = YES;
				CLANG_WARN_EMPTY_BODY = YES;
				CLANG_WARN_ENUM_CONVERSION = YES;
				CLANG_WARN_INFINITE_RECURSION = YES;
				CLANG_WARN_INT_CONVERSION = YES;
				CLANG_WARN_NON_LITERAL_NULL_CONVERSION = YES;
				CLANG_WARN_OBJC_IMPLICIT_RETAIN_SELF = YES;
				CLANG_WARN_OBJC_LITERAL_CONVERSION = YES;
				CLANG_WARN_OBJC_ROOT_CLASS = YES_ERROR;
				CLANG_WARN_RANGE_LOOP_ANALYSIS = YES;
				CLANG_WARN_STRICT_PROTOTYPES = YES;
				CLANG_WARN_SUSPICIOUS_MOVE = YES;
				CLANG_WARN_UNGUARDED_AVAILABILITY = YES_AGGRESSIVE;
				CLANG_WARN_UNREACHABLE_CODE = YES;
				CLANG_WARN__DUPLICATE_METHOD_MATCH = YES;
				CODE_SIGN_IDENTITY = "Mac Developer";
				COPY_PHASE_STRIP = NO;
				DEBUG_INFORMATION_FORMAT = "dwarf-with-dsym";
				ENABLE_NS_ASSERTIONS = NO;
				ENABLE_STRICT_OBJC_MSGSEND = YES;
				GCC_C_LANGUAGE_STANDARD = gnu11;
				GCC_NO_COMMON_BLOCKS = YES;
				GCC_WARN_64_TO_32_BIT_CONVERSION = YES;
				GCC_WARN_ABOUT_RETURN_TYPE = YES_ERROR;
				GCC_WARN_UNDECLARED_SELECTOR = YES;
				GCC_WARN_UNINITIALIZED_AUTOS = YES_AGGRESSIVE;
				GCC_WARN_UNUSED_FUNCTION = YES;
				GCC_WARN_UNUSED_VARIABLE = YES;
				MACOSX_DEPLOYMENT_TARGET = 10.12;
				MTL_ENABLE_DEBUG_INFO = NO;
				SDKROOT = macosx;
				SWIFT_OPTIMIZATION_LEVEL = "-Owholemodule";
			};
			name = Release;
		};
		E56EDBF81FB4B0690017546D /* Debug */ = {
			isa = XCBuildConfiguration;
			buildSettings = {
				ASSETCATALOG_COMPILER_APPICON_NAME = AppIcon;
				CODE_SIGN_ENTITLEMENTS = "";
				CODE_SIGN_IDENTITY = "";
				CODE_SIGN_STYLE = Automatic;
				COMBINE_HIDPI_IMAGES = YES;
				DEVELOPMENT_TEAM = 75Q9HLWJ68;
				FRAMEWORK_SEARCH_PATHS = (
					"$(inherited)",
					"$(LOCAL_LIBRARY_DIR)/Frameworks",
				);
				HEADER_SEARCH_PATHS = (
					/Library/Frameworks/SDL2.framework/Versions/A/Headers,
					/Library/Frameworks/SDL2_mixer.framework/Versions/A/Headers,
				);
				INFOPLIST_FILE = "Space Invaders/Info.plist";
				LD_RUNPATH_SEARCH_PATHS = "$(inherited) @executable_path/../Frameworks";
				PRODUCT_BUNDLE_IDENTIFIER = "com.nicolasallemand.Space-Invaders";
				PRODUCT_NAME = "$(TARGET_NAME)";
				SWIFT_VERSION = 4.0;
			};
			name = Debug;
		};
		E56EDBF91FB4B0690017546D /* Release */ = {
			isa = XCBuildConfiguration;
			buildSettings = {
				ASSETCATALOG_COMPILER_APPICON_NAME = AppIcon;
				CODE_SIGN_ENTITLEMENTS = "";
				CODE_SIGN_IDENTITY = "";
				CODE_SIGN_STYLE = Automatic;
				COMBINE_HIDPI_IMAGES = YES;
				DEVELOPMENT_TEAM = 75Q9HLWJ68;
				FRAMEWORK_SEARCH_PATHS = (
					"$(inherited)",
					"$(LOCAL_LIBRARY_DIR)/Frameworks",
				);
				HEADER_SEARCH_PATHS = (
					/Library/Frameworks/SDL2.framework/Versions/A/Headers,
					/Library/Frameworks/SDL2_mixer.framework/Versions/A/Headers,
				);
				INFOPLIST_FILE = "Space Invaders/Info.plist";
				LD_RUNPATH_SEARCH_PATHS = "$(inherited) @executable_path/../Frameworks";
				PRODUCT_BUNDLE_IDENTIFIER = "com.nicolasallemand.Space-Invaders";
				PRODUCT_NAME = "$(TARGET_NAME)";
				SWIFT_VERSION = 4.0;
			};
			name = Release;
		};
/* End XCBuildConfiguration section */

/* Begin XCConfigurationList section */
		E56EDBE41FB4B0690017546D /* Build configuration list for PBXProject "Space Invaders" */ = {
			isa = XCConfigurationList;
			buildConfigurations = (
				E56EDBF51FB4B0690017546D /* Debug */,
				E56EDBF61FB4B0690017546D /* Release */,
			);
			defaultConfigurationIsVisible = 0;
			defaultConfigurationName = Release;
		};
		E56EDBF71FB4B0690017546D /* Build configuration list for PBXNativeTarget "Space Invaders" */ = {
			isa = XCConfigurationList;
			buildConfigurations = (
				E56EDBF81FB4B0690017546D /* Debug */,
				E56EDBF91FB4B0690017546D /* Release */,
			);
			defaultConfigurationIsVisible = 0;
			defaultConfigurationName = Release;
		};
/* End XCConfigurationList section */
	};
	rootObject = E56EDBE11FB4B0690017546D /* Project object */;
}
